// !$*UTF8*$!
{
	archiveVersion = 1;
	classes = {
	};
	objectVersion = 46;
	objects = {

/* Begin PBXBuildFile section */
		15A504ED1C3ADF2A009B6EC9 /* TravelsListTableViewController.swift in Sources */ = {isa = PBXBuildFile; fileRef = 15A504EC1C3ADF2A009B6EC9 /* TravelsListTableViewController.swift */; };
		15A504F11C3C03E4009B6EC9 /* TravelsListTableViewCell.swift in Sources */ = {isa = PBXBuildFile; fileRef = 15A504F01C3C03E4009B6EC9 /* TravelsListTableViewCell.swift */; };
		15A504F71C3C3B86009B6EC9 /* Flight.swift in Sources */ = {isa = PBXBuildFile; fileRef = 15A504F31C3C3B86009B6EC9 /* Flight.swift */; };
		15A504F91C3C3B86009B6EC9 /* Airport.swift in Sources */ = {isa = PBXBuildFile; fileRef = 15A504F51C3C3B86009B6EC9 /* Airport.swift */; };
		15A9A5011C3C8DCA008044A9 /* AirportTableViewController.swift in Sources */ = {isa = PBXBuildFile; fileRef = 15A9A5001C3C8DCA008044A9 /* AirportTableViewController.swift */; };
		15A9A5031C3C9520008044A9 /* ArrivalAirportTableViewController.swift in Sources */ = {isa = PBXBuildFile; fileRef = 15A9A5021C3C9520008044A9 /* ArrivalAirportTableViewController.swift */; };
		7239A6E61C8CCEB300172C83 /* DateHourTableViewCell.swift in Sources */ = {isa = PBXBuildFile; fileRef = 7239A6E51C8CCEB300172C83 /* DateHourTableViewCell.swift */; };
		7239A6E81C8CD98C00172C83 /* NewFlightTableViewController.swift in Sources */ = {isa = PBXBuildFile; fileRef = 7239A6E71C8CD98C00172C83 /* NewFlightTableViewController.swift */; };
		7239A6ED1C8CFA3900172C83 /* NewHotelTableViewController.swift in Sources */ = {isa = PBXBuildFile; fileRef = 7239A6EC1C8CFA3900172C83 /* NewHotelTableViewController.swift */; };
		725ED3BC1C946D3200BF68E7 /* AirportTableViewCell.swift in Sources */ = {isa = PBXBuildFile; fileRef = 725ED3BB1C946D3200BF68E7 /* AirportTableViewCell.swift */; };
		725ED3C01C94844100BF68E7 /* LocatorTableViewCell.swift in Sources */ = {isa = PBXBuildFile; fileRef = 725ED3BF1C94844100BF68E7 /* LocatorTableViewCell.swift */; };
		7278FD781C8DC10D008596E2 /* Travel.swift in Sources */ = {isa = PBXBuildFile; fileRef = 7278FD771C8DC10D008596E2 /* Travel.swift */; };
		727AFB441C18926E00BB63B1 /* AppDelegate.swift in Sources */ = {isa = PBXBuildFile; fileRef = 727AFB431C18926E00BB63B1 /* AppDelegate.swift */; };
		727AFB491C18926E00BB63B1 /* Main.storyboard in Resources */ = {isa = PBXBuildFile; fileRef = 727AFB471C18926E00BB63B1 /* Main.storyboard */; };
		727AFB4C1C18926E00BB63B1 /* Traveling.xcdatamodeld in Sources */ = {isa = PBXBuildFile; fileRef = 727AFB4A1C18926E00BB63B1 /* Traveling.xcdatamodeld */; };
		727AFB4E1C18926E00BB63B1 /* Assets.xcassets in Resources */ = {isa = PBXBuildFile; fileRef = 727AFB4D1C18926E00BB63B1 /* Assets.xcassets */; };
		727AFB511C18926E00BB63B1 /* LaunchScreen.storyboard in Resources */ = {isa = PBXBuildFile; fileRef = 727AFB4F1C18926E00BB63B1 /* LaunchScreen.storyboard */; };
		727AFB5D1C18965300BB63B1 /* airportsBrazil.json in Resources */ = {isa = PBXBuildFile; fileRef = 727AFB5C1C18965300BB63B1 /* airportsBrazil.json */; };
		727AFB5F1C1896A700BB63B1 /* AirportsBrazil.swift in Sources */ = {isa = PBXBuildFile; fileRef = 727AFB5E1C1896A700BB63B1 /* AirportsBrazil.swift */; };
		727AFB641C18A25100BB63B1 /* ResultAirportTableViewController.swift in Sources */ = {isa = PBXBuildFile; fileRef = 727AFB631C18A25100BB63B1 /* ResultAirportTableViewController.swift */; };
		72965F161C20730900CEFCF9 /* DepartureAirportTableViewController.swift in Sources */ = {isa = PBXBuildFile; fileRef = 72965F151C20730900CEFCF9 /* DepartureAirportTableViewController.swift */; };
		72965F1E1C21E29F00CEFCF9 /* FlightTrackNumberViewController.swift in Sources */ = {isa = PBXBuildFile; fileRef = 72965F1D1C21E29F00CEFCF9 /* FlightTrackNumberViewController.swift */; };
		72CC43E31C1F276E00465455 /* DepartureDateHourViewController.swift in Sources */ = {isa = PBXBuildFile; fileRef = 72CC43E21C1F276E00465455 /* DepartureDateHourViewController.swift */; };
		72CE06E51C91E73500E8AC56 /* AppColors.swift in Sources */ = {isa = PBXBuildFile; fileRef = 72CE06E41C91E73500E8AC56 /* AppColors.swift */; };
		72CE06E71C92DFEF00E8AC56 /* FlightTableViewCell.swift in Sources */ = {isa = PBXBuildFile; fileRef = 72CE06E61C92DFEF00E8AC56 /* FlightTableViewCell.swift */; };
		72CE06E91C92E0D300E8AC56 /* HotelTableViewCell.swift in Sources */ = {isa = PBXBuildFile; fileRef = 72CE06E81C92E0D300E8AC56 /* HotelTableViewCell.swift */; };
		72EA155C1C89A8F300501505 /* CloudKit.framework in Frameworks */ = {isa = PBXBuildFile; fileRef = 72EA155B1C89A8F300501505 /* CloudKit.framework */; };
		72FE49521C95CC53006A1883 /* NewHotelTableViewCell.swift in Sources */ = {isa = PBXBuildFile; fileRef = 72FE49511C95CC53006A1883 /* NewHotelTableViewCell.swift */; };
		72FE49541C95CDED006A1883 /* Hotel.swift in Sources */ = {isa = PBXBuildFile; fileRef = 72FE49531C95CDED006A1883 /* Hotel.swift */; };
		72FE49561C95D2DC006A1883 /* CheckInDateTableViewCell.swift in Sources */ = {isa = PBXBuildFile; fileRef = 72FE49551C95D2DC006A1883 /* CheckInDateTableViewCell.swift */; };
/* End PBXBuildFile section */

/* Begin PBXFileReference section */
		15A504EC1C3ADF2A009B6EC9 /* TravelsListTableViewController.swift */ = {isa = PBXFileReference; fileEncoding = 4; lastKnownFileType = sourcecode.swift; path = TravelsListTableViewController.swift; sourceTree = "<group>"; };
		15A504F01C3C03E4009B6EC9 /* TravelsListTableViewCell.swift */ = {isa = PBXFileReference; fileEncoding = 4; lastKnownFileType = sourcecode.swift; path = TravelsListTableViewCell.swift; sourceTree = "<group>"; };
		15A504F31C3C3B86009B6EC9 /* Flight.swift */ = {isa = PBXFileReference; fileEncoding = 4; lastKnownFileType = sourcecode.swift; path = Flight.swift; sourceTree = "<group>"; };
		15A504F51C3C3B86009B6EC9 /* Airport.swift */ = {isa = PBXFileReference; fileEncoding = 4; lastKnownFileType = sourcecode.swift; path = Airport.swift; sourceTree = "<group>"; };
		15A9A5001C3C8DCA008044A9 /* AirportTableViewController.swift */ = {isa = PBXFileReference; fileEncoding = 4; lastKnownFileType = sourcecode.swift; path = AirportTableViewController.swift; sourceTree = "<group>"; };
		15A9A5021C3C9520008044A9 /* ArrivalAirportTableViewController.swift */ = {isa = PBXFileReference; fileEncoding = 4; lastKnownFileType = sourcecode.swift; path = ArrivalAirportTableViewController.swift; sourceTree = "<group>"; };
		7239A6E51C8CCEB300172C83 /* DateHourTableViewCell.swift */ = {isa = PBXFileReference; fileEncoding = 4; lastKnownFileType = sourcecode.swift; path = DateHourTableViewCell.swift; sourceTree = "<group>"; };
		7239A6E71C8CD98C00172C83 /* NewFlightTableViewController.swift */ = {isa = PBXFileReference; fileEncoding = 4; lastKnownFileType = sourcecode.swift; name = NewFlightTableViewController.swift; path = ../NewFlightTableViewController.swift; sourceTree = "<group>"; };
		7239A6EC1C8CFA3900172C83 /* NewHotelTableViewController.swift */ = {isa = PBXFileReference; fileEncoding = 4; lastKnownFileType = sourcecode.swift; path = NewHotelTableViewController.swift; sourceTree = "<group>"; };
		725ED3BB1C946D3200BF68E7 /* AirportTableViewCell.swift */ = {isa = PBXFileReference; fileEncoding = 4; lastKnownFileType = sourcecode.swift; path = AirportTableViewCell.swift; sourceTree = "<group>"; };
		725ED3BF1C94844100BF68E7 /* LocatorTableViewCell.swift */ = {isa = PBXFileReference; fileEncoding = 4; lastKnownFileType = sourcecode.swift; path = LocatorTableViewCell.swift; sourceTree = "<group>"; };
		7278FD771C8DC10D008596E2 /* Travel.swift */ = {isa = PBXFileReference; fileEncoding = 4; lastKnownFileType = sourcecode.swift; path = Travel.swift; sourceTree = "<group>"; };
		727AFB401C18926E00BB63B1 /* Traveling.app */ = {isa = PBXFileReference; explicitFileType = wrapper.application; includeInIndex = 0; path = Traveling.app; sourceTree = BUILT_PRODUCTS_DIR; };
		727AFB431C18926E00BB63B1 /* AppDelegate.swift */ = {isa = PBXFileReference; lastKnownFileType = sourcecode.swift; path = AppDelegate.swift; sourceTree = "<group>"; };
		727AFB481C18926E00BB63B1 /* Base */ = {isa = PBXFileReference; lastKnownFileType = file.storyboard; name = Base; path = Base.lproj/Main.storyboard; sourceTree = "<group>"; };
		727AFB4B1C18926E00BB63B1 /* Traveling.xcdatamodel */ = {isa = PBXFileReference; lastKnownFileType = wrapper.xcdatamodel; path = Traveling.xcdatamodel; sourceTree = "<group>"; };
		727AFB4D1C18926E00BB63B1 /* Assets.xcassets */ = {isa = PBXFileReference; lastKnownFileType = folder.assetcatalog; path = Assets.xcassets; sourceTree = "<group>"; };
		727AFB501C18926E00BB63B1 /* Base */ = {isa = PBXFileReference; lastKnownFileType = file.storyboard; name = Base; path = Base.lproj/LaunchScreen.storyboard; sourceTree = "<group>"; };
		727AFB521C18926E00BB63B1 /* Info.plist */ = {isa = PBXFileReference; lastKnownFileType = text.plist.xml; path = Info.plist; sourceTree = "<group>"; };
		727AFB5C1C18965300BB63B1 /* airportsBrazil.json */ = {isa = PBXFileReference; fileEncoding = 4; lastKnownFileType = text.json; path = airportsBrazil.json; sourceTree = "<group>"; };
		727AFB5E1C1896A700BB63B1 /* AirportsBrazil.swift */ = {isa = PBXFileReference; fileEncoding = 4; lastKnownFileType = sourcecode.swift; path = AirportsBrazil.swift; sourceTree = "<group>"; };
		727AFB631C18A25100BB63B1 /* ResultAirportTableViewController.swift */ = {isa = PBXFileReference; fileEncoding = 4; lastKnownFileType = sourcecode.swift; path = ResultAirportTableViewController.swift; sourceTree = "<group>"; };
		72965F151C20730900CEFCF9 /* DepartureAirportTableViewController.swift */ = {isa = PBXFileReference; fileEncoding = 4; lastKnownFileType = sourcecode.swift; path = DepartureAirportTableViewController.swift; sourceTree = "<group>"; };
		72965F1D1C21E29F00CEFCF9 /* FlightTrackNumberViewController.swift */ = {isa = PBXFileReference; fileEncoding = 4; lastKnownFileType = sourcecode.swift; path = FlightTrackNumberViewController.swift; sourceTree = "<group>"; };
		72CC43E21C1F276E00465455 /* DepartureDateHourViewController.swift */ = {isa = PBXFileReference; fileEncoding = 4; lastKnownFileType = sourcecode.swift; path = DepartureDateHourViewController.swift; sourceTree = "<group>"; };
		72CE06E41C91E73500E8AC56 /* AppColors.swift */ = {isa = PBXFileReference; fileEncoding = 4; lastKnownFileType = sourcecode.swift; path = AppColors.swift; sourceTree = "<group>"; };
		72CE06E61C92DFEF00E8AC56 /* FlightTableViewCell.swift */ = {isa = PBXFileReference; fileEncoding = 4; lastKnownFileType = sourcecode.swift; path = FlightTableViewCell.swift; sourceTree = "<group>"; };
		72CE06E81C92E0D300E8AC56 /* HotelTableViewCell.swift */ = {isa = PBXFileReference; fileEncoding = 4; lastKnownFileType = sourcecode.swift; path = HotelTableViewCell.swift; sourceTree = "<group>"; };
		72EA155A1C89A8EB00501505 /* Traveling.entitlements */ = {isa = PBXFileReference; lastKnownFileType = text.xml; path = Traveling.entitlements; sourceTree = "<group>"; };
		72EA155B1C89A8F300501505 /* CloudKit.framework */ = {isa = PBXFileReference; lastKnownFileType = wrapper.framework; name = CloudKit.framework; path = System/Library/Frameworks/CloudKit.framework; sourceTree = SDKROOT; };
		72FE49511C95CC53006A1883 /* NewHotelTableViewCell.swift */ = {isa = PBXFileReference; fileEncoding = 4; lastKnownFileType = sourcecode.swift; path = NewHotelTableViewCell.swift; sourceTree = "<group>"; };
		72FE49531C95CDED006A1883 /* Hotel.swift */ = {isa = PBXFileReference; fileEncoding = 4; lastKnownFileType = sourcecode.swift; path = Hotel.swift; sourceTree = "<group>"; };
		72FE49551C95D2DC006A1883 /* CheckInDateTableViewCell.swift */ = {isa = PBXFileReference; fileEncoding = 4; lastKnownFileType = sourcecode.swift; path = CheckInDateTableViewCell.swift; sourceTree = "<group>"; };
/* End PBXFileReference section */

/* Begin PBXFrameworksBuildPhase section */
		727AFB3D1C18926E00BB63B1 /* Frameworks */ = {
			isa = PBXFrameworksBuildPhase;
			buildActionMask = 2147483647;
			files = (
				72EA155C1C89A8F300501505 /* CloudKit.framework in Frameworks */,
			);
			runOnlyForDeploymentPostprocessing = 0;
		};
/* End PBXFrameworksBuildPhase section */

/* Begin PBXGroup section */
		7239A6E91C8CDD9400172C83 /* Flight */ = {
			isa = PBXGroup;
			children = (
				7239A6E71C8CD98C00172C83 /* NewFlightTableViewController.swift */,
				72965F151C20730900CEFCF9 /* DepartureAirportTableViewController.swift */,
				15A9A5021C3C9520008044A9 /* ArrivalAirportTableViewController.swift */,
				725ED3BB1C946D3200BF68E7 /* AirportTableViewCell.swift */,
				7239A6E51C8CCEB300172C83 /* DateHourTableViewCell.swift */,
				725ED3BF1C94844100BF68E7 /* LocatorTableViewCell.swift */,
			);
			name = Flight;
			sourceTree = "<group>";
		};
		7239A6EA1C8CDDAA00172C83 /* Airport */ = {
			isa = PBXGroup;
			children = (
				15A9A5001C3C8DCA008044A9 /* AirportTableViewController.swift */,
				727AFB631C18A25100BB63B1 /* ResultAirportTableViewController.swift */,
			);
			name = Airport;
			sourceTree = "<group>";
		};
		7239A6EB1C8CFA2300172C83 /* Hotel */ = {
			isa = PBXGroup;
			children = (
				7239A6EC1C8CFA3900172C83 /* NewHotelTableViewController.swift */,
				72FE49511C95CC53006A1883 /* NewHotelTableViewCell.swift */,
				72FE49551C95D2DC006A1883 /* CheckInDateTableViewCell.swift */,
			);
			name = Hotel;
			sourceTree = "<group>";
		};
		727AFB371C18926E00BB63B1 = {
			isa = PBXGroup;
			children = (
				72EA155B1C89A8F300501505 /* CloudKit.framework */,
				727AFB421C18926E00BB63B1 /* Traveling */,
				727AFB411C18926E00BB63B1 /* Products */,
			);
			sourceTree = "<group>";
		};
		727AFB411C18926E00BB63B1 /* Products */ = {
			isa = PBXGroup;
			children = (
				727AFB401C18926E00BB63B1 /* Traveling.app */,
			);
			name = Products;
			sourceTree = "<group>";
		};
		727AFB421C18926E00BB63B1 /* Traveling */ = {
			isa = PBXGroup;
			children = (
				72EA155A1C89A8EB00501505 /* Traveling.entitlements */,
				727AFB431C18926E00BB63B1 /* AppDelegate.swift */,
				727AFB5B1C18960C00BB63B1 /* Supporting FIles */,
				727AFB601C18970600BB63B1 /* Model */,
				727AFB471C18926E00BB63B1 /* Main.storyboard */,
				727AFB581C18959800BB63B1 /* Controllers */,
				727AFB5E1C1896A700BB63B1 /* AirportsBrazil.swift */,
				727AFB4D1C18926E00BB63B1 /* Assets.xcassets */,
				727AFB4F1C18926E00BB63B1 /* LaunchScreen.storyboard */,
				727AFB521C18926E00BB63B1 /* Info.plist */,
				727AFB4A1C18926E00BB63B1 /* Traveling.xcdatamodeld */,
			);
			path = Traveling;
			sourceTree = "<group>";
		};
		727AFB581C18959800BB63B1 /* Controllers */ = {
			isa = PBXGroup;
			children = (
				15A504EC1C3ADF2A009B6EC9 /* TravelsListTableViewController.swift */,
				15A504F01C3C03E4009B6EC9 /* TravelsListTableViewCell.swift */,
				72CE06E61C92DFEF00E8AC56 /* FlightTableViewCell.swift */,
				72CE06E81C92E0D300E8AC56 /* HotelTableViewCell.swift */,
				7239A6EB1C8CFA2300172C83 /* Hotel */,
				7239A6EA1C8CDDAA00172C83 /* Airport */,
				7239A6E91C8CDD9400172C83 /* Flight */,
				72CC43E21C1F276E00465455 /* DepartureDateHourViewController.swift */,
				72965F1D1C21E29F00CEFCF9 /* FlightTrackNumberViewController.swift */,
				72CE06E41C91E73500E8AC56 /* AppColors.swift */,
			);
			name = Controllers;
			sourceTree = "<group>";
		};
		727AFB5B1C18960C00BB63B1 /* Supporting FIles */ = {
			isa = PBXGroup;
			children = (
				727AFB5C1C18965300BB63B1 /* airportsBrazil.json */,
			);
			name = "Supporting FIles";
			sourceTree = "<group>";
		};
		727AFB601C18970600BB63B1 /* Model */ = {
			isa = PBXGroup;
			children = (
				15A504F31C3C3B86009B6EC9 /* Flight.swift */,
				15A504F51C3C3B86009B6EC9 /* Airport.swift */,
				7278FD771C8DC10D008596E2 /* Travel.swift */,
				72FE49531C95CDED006A1883 /* Hotel.swift */,
			);
			name = Model;
			sourceTree = "<group>";
		};
/* End PBXGroup section */

/* Begin PBXNativeTarget section */
		727AFB3F1C18926E00BB63B1 /* Traveling */ = {
			isa = PBXNativeTarget;
			buildConfigurationList = 727AFB551C18926E00BB63B1 /* Build configuration list for PBXNativeTarget "Traveling" */;
			buildPhases = (
				727AFB3C1C18926E00BB63B1 /* Sources */,
				727AFB3D1C18926E00BB63B1 /* Frameworks */,
				727AFB3E1C18926E00BB63B1 /* Resources */,
			);
			buildRules = (
			);
			dependencies = (
			);
			name = Traveling;
			productName = Traveling;
			productReference = 727AFB401C18926E00BB63B1 /* Traveling.app */;
			productType = "com.apple.product-type.application";
		};
/* End PBXNativeTarget section */

/* Begin PBXProject section */
		727AFB381C18926E00BB63B1 /* Project object */ = {
			isa = PBXProject;
			attributes = {
				LastSwiftUpdateCheck = 0710;
				LastUpgradeCheck = 0710;
				ORGANIZATIONNAME = "Pé de pano";
				TargetAttributes = {
					727AFB3F1C18926E00BB63B1 = {
						CreatedOnToolsVersion = 7.1.1;
						DevelopmentTeam = 4356GVBKS5;
						SystemCapabilities = {
							com.apple.iCloud = {
								enabled = 1;
							};
						};
					};
				};
			};
			buildConfigurationList = 727AFB3B1C18926E00BB63B1 /* Build configuration list for PBXProject "Traveling" */;
			compatibilityVersion = "Xcode 3.2";
			developmentRegion = English;
			hasScannedForEncodings = 0;
			knownRegions = (
				en,
				Base,
			);
			mainGroup = 727AFB371C18926E00BB63B1;
			productRefGroup = 727AFB411C18926E00BB63B1 /* Products */;
			projectDirPath = "";
			projectRoot = "";
			targets = (
				727AFB3F1C18926E00BB63B1 /* Traveling */,
			);
		};
/* End PBXProject section */

/* Begin PBXResourcesBuildPhase section */
		727AFB3E1C18926E00BB63B1 /* Resources */ = {
			isa = PBXResourcesBuildPhase;
			buildActionMask = 2147483647;
			files = (
				727AFB511C18926E00BB63B1 /* LaunchScreen.storyboard in Resources */,
				727AFB4E1C18926E00BB63B1 /* Assets.xcassets in Resources */,
				727AFB491C18926E00BB63B1 /* Main.storyboard in Resources */,
				727AFB5D1C18965300BB63B1 /* airportsBrazil.json in Resources */,
			);
			runOnlyForDeploymentPostprocessing = 0;
		};
/* End PBXResourcesBuildPhase section */

/* Begin PBXSourcesBuildPhase section */
		727AFB3C1C18926E00BB63B1 /* Sources */ = {
			isa = PBXSourcesBuildPhase;
			buildActionMask = 2147483647;
			files = (
				15A504F91C3C3B86009B6EC9 /* Airport.swift in Sources */,
				725ED3BC1C946D3200BF68E7 /* AirportTableViewCell.swift in Sources */,
				727AFB441C18926E00BB63B1 /* AppDelegate.swift in Sources */,
				72CC43E31C1F276E00465455 /* DepartureDateHourViewController.swift in Sources */,
				72CE06E91C92E0D300E8AC56 /* HotelTableViewCell.swift in Sources */,
				727AFB4C1C18926E00BB63B1 /* Traveling.xcdatamodeld in Sources */,
				15A9A5031C3C9520008044A9 /* ArrivalAirportTableViewController.swift in Sources */,
				15A9A5011C3C8DCA008044A9 /* AirportTableViewController.swift in Sources */,
				7278FD781C8DC10D008596E2 /* Travel.swift in Sources */,
				72CE06E51C91E73500E8AC56 /* AppColors.swift in Sources */,
				72CE06E71C92DFEF00E8AC56 /* FlightTableViewCell.swift in Sources */,
				7239A6E61C8CCEB300172C83 /* DateHourTableViewCell.swift in Sources */,
				72965F161C20730900CEFCF9 /* DepartureAirportTableViewController.swift in Sources */,
				727AFB641C18A25100BB63B1 /* ResultAirportTableViewController.swift in Sources */,
				72965F1E1C21E29F00CEFCF9 /* FlightTrackNumberViewController.swift in Sources */,
				15A504ED1C3ADF2A009B6EC9 /* TravelsListTableViewController.swift in Sources */,
				7239A6ED1C8CFA3900172C83 /* NewHotelTableViewController.swift in Sources */,
				7239A6E81C8CD98C00172C83 /* NewFlightTableViewController.swift in Sources */,
				72FE49561C95D2DC006A1883 /* CheckInDateTableViewCell.swift in Sources */,
				72FE49541C95CDED006A1883 /* Hotel.swift in Sources */,
				72FE49521C95CC53006A1883 /* NewHotelTableViewCell.swift in Sources */,
				727AFB5F1C1896A700BB63B1 /* AirportsBrazil.swift in Sources */,
				15A504F11C3C03E4009B6EC9 /* TravelsListTableViewCell.swift in Sources */,
				725ED3C01C94844100BF68E7 /* LocatorTableViewCell.swift in Sources */,
				15A504F71C3C3B86009B6EC9 /* Flight.swift in Sources */,
			);
			runOnlyForDeploymentPostprocessing = 0;
		};
/* End PBXSourcesBuildPhase section */

/* Begin PBXVariantGroup section */
		727AFB471C18926E00BB63B1 /* Main.storyboard */ = {
			isa = PBXVariantGroup;
			children = (
				727AFB481C18926E00BB63B1 /* Base */,
			);
			name = Main.storyboard;
			sourceTree = "<group>";
		};
		727AFB4F1C18926E00BB63B1 /* LaunchScreen.storyboard */ = {
			isa = PBXVariantGroup;
			children = (
				727AFB501C18926E00BB63B1 /* Base */,
			);
			name = LaunchScreen.storyboard;
			sourceTree = "<group>";
		};
/* End PBXVariantGroup section */

/* Begin XCBuildConfiguration section */
		727AFB531C18926E00BB63B1 /* Debug */ = {
			isa = XCBuildConfiguration;
			buildSettings = {
				ALWAYS_SEARCH_USER_PATHS = NO;
				CLANG_CXX_LANGUAGE_STANDARD = "gnu++0x";
				CLANG_CXX_LIBRARY = "libc++";
				CLANG_ENABLE_MODULES = YES;
				CLANG_ENABLE_OBJC_ARC = YES;
				CLANG_WARN_BOOL_CONVERSION = YES;
				CLANG_WARN_CONSTANT_CONVERSION = YES;
				CLANG_WARN_DIRECT_OBJC_ISA_USAGE = YES_ERROR;
				CLANG_WARN_EMPTY_BODY = YES;
				CLANG_WARN_ENUM_CONVERSION = YES;
				CLANG_WARN_INT_CONVERSION = YES;
				CLANG_WARN_OBJC_ROOT_CLASS = YES_ERROR;
				CLANG_WARN_UNREACHABLE_CODE = YES;
				CLANG_WARN__DUPLICATE_METHOD_MATCH = YES;
				"CODE_SIGN_IDENTITY[sdk=iphoneos*]" = "iPhone Developer";
				COPY_PHASE_STRIP = NO;
				DEBUG_INFORMATION_FORMAT = dwarf;
				ENABLE_STRICT_OBJC_MSGSEND = YES;
				ENABLE_TESTABILITY = YES;
				GCC_C_LANGUAGE_STANDARD = gnu99;
				GCC_DYNAMIC_NO_PIC = NO;
				GCC_NO_COMMON_BLOCKS = YES;
				GCC_OPTIMIZATION_LEVEL = 0;
				GCC_PREPROCESSOR_DEFINITIONS = (
					"DEBUG=1",
					"$(inherited)",
				);
				GCC_WARN_64_TO_32_BIT_CONVERSION = YES;
				GCC_WARN_ABOUT_RETURN_TYPE = YES_ERROR;
				GCC_WARN_UNDECLARED_SELECTOR = YES;
				GCC_WARN_UNINITIALIZED_AUTOS = YES_AGGRESSIVE;
				GCC_WARN_UNUSED_FUNCTION = YES;
				GCC_WARN_UNUSED_VARIABLE = YES;
				IPHONEOS_DEPLOYMENT_TARGET = 9.1;
				MTL_ENABLE_DEBUG_INFO = YES;
				ONLY_ACTIVE_ARCH = YES;
				SDKROOT = iphoneos;
				SWIFT_OPTIMIZATION_LEVEL = "-Onone";
			};
			name = Debug;
		};
		727AFB541C18926E00BB63B1 /* Release */ = {
			isa = XCBuildConfiguration;
			buildSettings = {
				ALWAYS_SEARCH_USER_PATHS = NO;
				CLANG_CXX_LANGUAGE_STANDARD = "gnu++0x";
				CLANG_CXX_LIBRARY = "libc++";
				CLANG_ENABLE_MODULES = YES;
				CLANG_ENABLE_OBJC_ARC = YES;
				CLANG_WARN_BOOL_CONVERSION = YES;
				CLANG_WARN_CONSTANT_CONVERSION = YES;
				CLANG_WARN_DIRECT_OBJC_ISA_USAGE = YES_ERROR;
				CLANG_WARN_EMPTY_BODY = YES;
				CLANG_WARN_ENUM_CONVERSION = YES;
				CLANG_WARN_INT_CONVERSION = YES;
				CLANG_WARN_OBJC_ROOT_CLASS = YES_ERROR;
				CLANG_WARN_UNREACHABLE_CODE = YES;
				CLANG_WARN__DUPLICATE_METHOD_MATCH = YES;
				"CODE_SIGN_IDENTITY[sdk=iphoneos*]" = "iPhone Developer";
				COPY_PHASE_STRIP = NO;
				DEBUG_INFORMATION_FORMAT = "dwarf-with-dsym";
				ENABLE_NS_ASSERTIONS = NO;
				ENABLE_STRICT_OBJC_MSGSEND = YES;
				GCC_C_LANGUAGE_STANDARD = gnu99;
				GCC_NO_COMMON_BLOCKS = YES;
				GCC_WARN_64_TO_32_BIT_CONVERSION = YES;
				GCC_WARN_ABOUT_RETURN_TYPE = YES_ERROR;
				GCC_WARN_UNDECLARED_SELECTOR = YES;
				GCC_WARN_UNINITIALIZED_AUTOS = YES_AGGRESSIVE;
				GCC_WARN_UNUSED_FUNCTION = YES;
				GCC_WARN_UNUSED_VARIABLE = YES;
				IPHONEOS_DEPLOYMENT_TARGET = 9.1;
				MTL_ENABLE_DEBUG_INFO = NO;
				SDKROOT = iphoneos;
				VALIDATE_PRODUCT = YES;
			};
			name = Release;
		};
		727AFB561C18926E00BB63B1 /* Debug */ = {
			isa = XCBuildConfiguration;
			buildSettings = {
				ASSETCATALOG_COMPILER_APPICON_NAME = AppIcon;
				CODE_SIGN_ENTITLEMENTS = Traveling/Traveling.entitlements;
				CODE_SIGN_IDENTITY = "iPhone Developer";
				"CODE_SIGN_IDENTITY[sdk=iphoneos*]" = "iPhone Developer";
				INFOPLIST_FILE = Traveling/Info.plist;
				LD_RUNPATH_SEARCH_PATHS = "$(inherited) @executable_path/Frameworks";
				PRODUCT_BUNDLE_IDENTIFIER = com.hackatruck.Traveling;
				PRODUCT_NAME = "$(TARGET_NAME)";
				PROVISIONING_PROFILE = "";
			};
			name = Debug;
		};
		727AFB571C18926E00BB63B1 /* Release */ = {
			isa = XCBuildConfiguration;
			buildSettings = {
				ASSETCATALOG_COMPILER_APPICON_NAME = AppIcon;
				CODE_SIGN_ENTITLEMENTS = Traveling/Traveling.entitlements;
				CODE_SIGN_IDENTITY = "iPhone Developer";
				"CODE_SIGN_IDENTITY[sdk=iphoneos*]" = "iPhone Developer";
				INFOPLIST_FILE = Traveling/Info.plist;
				LD_RUNPATH_SEARCH_PATHS = "$(inherited) @executable_path/Frameworks";
				PRODUCT_BUNDLE_IDENTIFIER = com.hackatruck.Traveling;
				PRODUCT_NAME = "$(TARGET_NAME)";
				PROVISIONING_PROFILE = "";
			};
			name = Release;
		};
/* End XCBuildConfiguration section */

/* Begin XCConfigurationList section */
		727AFB3B1C18926E00BB63B1 /* Build configuration list for PBXProject "Traveling" */ = {
			isa = XCConfigurationList;
			buildConfigurations = (
				727AFB531C18926E00BB63B1 /* Debug */,
				727AFB541C18926E00BB63B1 /* Release */,
			);
			defaultConfigurationIsVisible = 0;
			defaultConfigurationName = Release;
		};
		727AFB551C18926E00BB63B1 /* Build configuration list for PBXNativeTarget "Traveling" */ = {
			isa = XCConfigurationList;
			buildConfigurations = (
				727AFB561C18926E00BB63B1 /* Debug */,
				727AFB571C18926E00BB63B1 /* Release */,
			);
			defaultConfigurationIsVisible = 0;
			defaultConfigurationName = Release;
		};
/* End XCConfigurationList section */

/* Begin XCVersionGroup section */
		727AFB4A1C18926E00BB63B1 /* Traveling.xcdatamodeld */ = {
			isa = XCVersionGroup;
			children = (
				727AFB4B1C18926E00BB63B1 /* Traveling.xcdatamodel */,
			);
			currentVersion = 727AFB4B1C18926E00BB63B1 /* Traveling.xcdatamodel */;
			path = Traveling.xcdatamodeld;
			sourceTree = "<group>";
			versionGroupType = wrapper.xcdatamodel;
		};
/* End XCVersionGroup section */
	};
	rootObject = 727AFB381C18926E00BB63B1 /* Project object */;
}
