// !$*UTF8*$!
{
	archiveVersion = 1;
	classes = {
	};
	objectVersion = 46;
	objects = {

/* Begin PBXBuildFile section */
		727AFB441C18926E00BB63B1 /* AppDelegate.swift in Sources */ = {isa = PBXBuildFile; fileRef = 727AFB431C18926E00BB63B1 /* AppDelegate.swift */; };
		727AFB461C18926E00BB63B1 /* ViewController.swift in Sources */ = {isa = PBXBuildFile; fileRef = 727AFB451C18926E00BB63B1 /* ViewController.swift */; };
		727AFB491C18926E00BB63B1 /* Main.storyboard in Resources */ = {isa = PBXBuildFile; fileRef = 727AFB471C18926E00BB63B1 /* Main.storyboard */; };
		727AFB4C1C18926E00BB63B1 /* Traveling.xcdatamodeld in Sources */ = {isa = PBXBuildFile; fileRef = 727AFB4A1C18926E00BB63B1 /* Traveling.xcdatamodeld */; };
		727AFB4E1C18926E00BB63B1 /* Assets.xcassets in Resources */ = {isa = PBXBuildFile; fileRef = 727AFB4D1C18926E00BB63B1 /* Assets.xcassets */; };
		727AFB511C18926E00BB63B1 /* LaunchScreen.storyboard in Resources */ = {isa = PBXBuildFile; fileRef = 727AFB4F1C18926E00BB63B1 /* LaunchScreen.storyboard */; };
/* End PBXBuildFile section */

/* Begin PBXFileReference section */
		727AFB401C18926E00BB63B1 /* Traveling.app */ = {isa = PBXFileReference; explicitFileType = wrapper.application; includeInIndex = 0; path = Traveling.app; sourceTree = BUILT_PRODUCTS_DIR; };
		727AFB431C18926E00BB63B1 /* AppDelegate.swift */ = {isa = PBXFileReference; lastKnownFileType = sourcecode.swift; path = AppDelegate.swift; sourceTree = "<group>"; };
		727AFB451C18926E00BB63B1 /* ViewController.swift */ = {isa = PBXFileReference; lastKnownFileType = sourcecode.swift; path = ViewController.swift; sourceTree = "<group>"; };
		727AFB481C18926E00BB63B1 /* Base */ = {isa = PBXFileReference; lastKnownFileType = file.storyboard; name = Base; path = Base.lproj/Main.storyboard; sourceTree = "<group>"; };
		727AFB4B1C18926E00BB63B1 /* Traveling.xcdatamodel */ = {isa = PBXFileReference; lastKnownFileType = wrapper.xcdatamodel; path = Traveling.xcdatamodel; sourceTree = "<group>"; };
		727AFB4D1C18926E00BB63B1 /* Assets.xcassets */ = {isa = PBXFileReference; lastKnownFileType = folder.assetcatalog; path = Assets.xcassets; sourceTree = "<group>"; };
		727AFB501C18926E00BB63B1 /* Base */ = {isa = PBXFileReference; lastKnownFileType = file.storyboard; name = Base; path = Base.lproj/LaunchScreen.storyboard; sourceTree = "<group>"; };
		727AFB521C18926E00BB63B1 /* Info.plist */ = {isa = PBXFileReference; lastKnownFileType = text.plist.xml; path = Info.plist; sourceTree = "<group>"; };
/* End PBXFileReference section */

/* Begin PBXFrameworksBuildPhase section */
		727AFB3D1C18926E00BB63B1 /* Frameworks */ = {
			isa = PBXFrameworksBuildPhase;
			buildActionMask = 2147483647;
			files = (
			);
			runOnlyForDeploymentPostprocessing = 0;
		};
/* End PBXFrameworksBuildPhase section */

/* Begin PBXGroup section */
		727AFB371C18926E00BB63B1 = {
			isa = PBXGroup;
			children = (
				727AFB421C18926E00BB63B1 /* Traveling */,
				727AFB411C18926E00BB63B1 /* Products */,
			);
			sourceTree = "<group>";
		};
		727AFB411C18926E00BB63B1 /* Products */ = {
			isa = PBXGroup;
			children = (
				727AFB401C18926E00BB63B1 /* Traveling.app */,
			);
			name = Products;
			sourceTree = "<group>";
		};
		727AFB421C18926E00BB63B1 /* Traveling */ = {
			isa = PBXGroup;
			children = (
				727AFB431C18926E00BB63B1 /* AppDelegate.swift */,
				727AFB451C18926E00BB63B1 /* ViewController.swift */,
				727AFB471C18926E00BB63B1 /* Main.storyboard */,
				727AFB4D1C18926E00BB63B1 /* Assets.xcassets */,
				727AFB4F1C18926E00BB63B1 /* LaunchScreen.storyboard */,
				727AFB521C18926E00BB63B1 /* Info.plist */,
				727AFB4A1C18926E00BB63B1 /* Traveling.xcdatamodeld */,
			);
			path = Traveling;
			sourceTree = "<group>";
		};
/* End PBXGroup section */

/* Begin PBXNativeTarget section */
		727AFB3F1C18926E00BB63B1 /* Traveling */ = {
			isa = PBXNativeTarget;
			buildConfigurationList = 727AFB551C18926E00BB63B1 /* Build configuration list for PBXNativeTarget "Traveling" */;
			buildPhases = (
				727AFB3C1C18926E00BB63B1 /* Sources */,
				727AFB3D1C18926E00BB63B1 /* Frameworks */,
				727AFB3E1C18926E00BB63B1 /* Resources */,
			);
			buildRules = (
			);
			dependencies = (
			);
			name = Traveling;
			productName = Traveling;
			productReference = 727AFB401C18926E00BB63B1 /* Traveling.app */;
			productType = "com.apple.product-type.application";
		};
/* End PBXNativeTarget section */

/* Begin PBXProject section */
		727AFB381C18926E00BB63B1 /* Project object */ = {
			isa = PBXProject;
			attributes = {
				LastSwiftUpdateCheck = 0710;
				LastUpgradeCheck = 0710;
				ORGANIZATIONNAME = "Pé de pano";
				TargetAttributes = {
					727AFB3F1C18926E00BB63B1 = {
						CreatedOnToolsVersion = 7.1.1;
					};
				};
			};
			buildConfigurationList = 727AFB3B1C18926E00BB63B1 /* Build configuration list for PBXProject "Traveling" */;
			compatibilityVersion = "Xcode 3.2";
			developmentRegion = English;
			hasScannedForEncodings = 0;
			knownRegions = (
				en,
				Base,
			);
			mainGroup = 727AFB371C18926E00BB63B1;
			productRefGroup = 727AFB411C18926E00BB63B1 /* Products */;
			projectDirPath = "";
			projectRoot = "";
			targets = (
				727AFB3F1C18926E00BB63B1 /* Traveling */,
			);
		};
/* End PBXProject section */

/* Begin PBXResourcesBuildPhase section */
		727AFB3E1C18926E00BB63B1 /* Resources */ = {
			isa = PBXResourcesBuildPhase;
			buildActionMask = 2147483647;
			files = (
				727AFB511C18926E00BB63B1 /* LaunchScreen.storyboard in Resources */,
				727AFB4E1C18926E00BB63B1 /* Assets.xcassets in Resources */,
				727AFB491C18926E00BB63B1 /* Main.storyboard in Resources */,
			);
			runOnlyForDeploymentPostprocessing = 0;
		};
/* End PBXResourcesBuildPhase section */

/* Begin PBXSourcesBuildPhase section */
		727AFB3C1C18926E00BB63B1 /* Sources */ = {
			isa = PBXSourcesBuildPhase;
			buildActionMask = 2147483647;
			files = (
				727AFB461C18926E00BB63B1 /* ViewController.swift in Sources */,
				727AFB441C18926E00BB63B1 /* AppDelegate.swift in Sources */,
				727AFB4C1C18926E00BB63B1 /* Traveling.xcdatamodeld in Sources */,
			);
			runOnlyForDeploymentPostprocessing = 0;
		};
/* End PBXSourcesBuildPhase section */

/* Begin PBXVariantGroup section */
		727AFB471C18926E00BB63B1 /* Main.storyboard */ = {
			isa = PBXVariantGroup;
			children = (
				727AFB481C18926E00BB63B1 /* Base */,
			);
			name = Main.storyboard;
			sourceTree = "<group>";
		};
		727AFB4F1C18926E00BB63B1 /* LaunchScreen.storyboard */ = {
			isa = PBXVariantGroup;
			children = (
				727AFB501C18926E00BB63B1 /* Base */,
			);
			name = LaunchScreen.storyboard;
			sourceTree = "<group>";
		};
/* End PBXVariantGroup section */

/* Begin XCBuildConfiguration section */
		727AFB531C18926E00BB63B1 /* Debug */ = {
			isa = XCBuildConfiguration;
			buildSettings = {
				ALWAYS_SEARCH_USER_PATHS = NO;
				CLANG_CXX_LANGUAGE_STANDARD = "gnu++0x";
				CLANG_CXX_LIBRARY = "libc++";
				CLANG_ENABLE_MODULES = YES;
				CLANG_ENABLE_OBJC_ARC = YES;
				CLANG_WARN_BOOL_CONVERSION = YES;
				CLANG_WARN_CONSTANT_CONVERSION = YES;
				CLANG_WARN_DIRECT_OBJC_ISA_USAGE = YES_ERROR;
				CLANG_WARN_EMPTY_BODY = YES;
				CLANG_WARN_ENUM_CONVERSION = YES;
				CLANG_WARN_INT_CONVERSION = YES;
				CLANG_WARN_OBJC_ROOT_CLASS = YES_ERROR;
				CLANG_WARN_UNREACHABLE_CODE = YES;
				CLANG_WARN__DUPLICATE_METHOD_MATCH = YES;
				"CODE_SIGN_IDENTITY[sdk=iphoneos*]" = "iPhone Developer";
				COPY_PHASE_STRIP = NO;
				DEBUG_INFORMATION_FORMAT = dwarf;
				ENABLE_STRICT_OBJC_MSGSEND = YES;
				ENABLE_TESTABILITY = YES;
				GCC_C_LANGUAGE_STANDARD = gnu99;
				GCC_DYNAMIC_NO_PIC = NO;
				GCC_NO_COMMON_BLOCKS = YES;
				GCC_OPTIMIZATION_LEVEL = 0;
				GCC_PREPROCESSOR_DEFINITIONS = (
					"DEBUG=1",
					"$(inherited)",
				);
				GCC_WARN_64_TO_32_BIT_CONVERSION = YES;
				GCC_WARN_ABOUT_RETURN_TYPE = YES_ERROR;
				GCC_WARN_UNDECLARED_SELECTOR = YES;
				GCC_WARN_UNINITIALIZED_AUTOS = YES_AGGRESSIVE;
				GCC_WARN_UNUSED_FUNCTION = YES;
				GCC_WARN_UNUSED_VARIABLE = YES;
				IPHONEOS_DEPLOYMENT_TARGET = 9.1;
				MTL_ENABLE_DEBUG_INFO = YES;
				ONLY_ACTIVE_ARCH = YES;
				SDKROOT = iphoneos;
				SWIFT_OPTIMIZATION_LEVEL = "-Onone";
			};
			name = Debug;
		};
		727AFB541C18926E00BB63B1 /* Release */ = {
			isa = XCBuildConfiguration;
			buildSettings = {
				ALWAYS_SEARCH_USER_PATHS = NO;
				CLANG_CXX_LANGUAGE_STANDARD = "gnu++0x";
				CLANG_CXX_LIBRARY = "libc++";
				CLANG_ENABLE_MODULES = YES;
				CLANG_ENABLE_OBJC_ARC = YES;
				CLANG_WARN_BOOL_CONVERSION = YES;
				CLANG_WARN_CONSTANT_CONVERSION = YES;
				CLANG_WARN_DIRECT_OBJC_ISA_USAGE = YES_ERROR;
				CLANG_WARN_EMPTY_BODY = YES;
				CLANG_WARN_ENUM_CONVERSION = YES;
				CLANG_WARN_INT_CONVERSION = YES;
				CLANG_WARN_OBJC_ROOT_CLASS = YES_ERROR;
				CLANG_WARN_UNREACHABLE_CODE = YES;
				CLANG_WARN__DUPLICATE_METHOD_MATCH = YES;
				"CODE_SIGN_IDENTITY[sdk=iphoneos*]" = "iPhone Developer";
				COPY_PHASE_STRIP = NO;
				DEBUG_INFORMATION_FORMAT = "dwarf-with-dsym";
				ENABLE_NS_ASSERTIONS = NO;
				ENABLE_STRICT_OBJC_MSGSEND = YES;
				GCC_C_LANGUAGE_STANDARD = gnu99;
				GCC_NO_COMMON_BLOCKS = YES;
				GCC_WARN_64_TO_32_BIT_CONVERSION = YES;
				GCC_WARN_ABOUT_RETURN_TYPE = YES_ERROR;
				GCC_WARN_UNDECLARED_SELECTOR = YES;
				GCC_WARN_UNINITIALIZED_AUTOS = YES_AGGRESSIVE;
				GCC_WARN_UNUSED_FUNCTION = YES;
				GCC_WARN_UNUSED_VARIABLE = YES;
				IPHONEOS_DEPLOYMENT_TARGET = 9.1;
				MTL_ENABLE_DEBUG_INFO = NO;
				SDKROOT = iphoneos;
				VALIDATE_PRODUCT = YES;
			};
			name = Release;
		};
		727AFB561C18926E00BB63B1 /* Debug */ = {
			isa = XCBuildConfiguration;
			buildSettings = {
				ASSETCATALOG_COMPILER_APPICON_NAME = AppIcon;
				INFOPLIST_FILE = Traveling/Info.plist;
				LD_RUNPATH_SEARCH_PATHS = "$(inherited) @executable_path/Frameworks";
				PRODUCT_BUNDLE_IDENTIFIER = com.pedepano.Traveling;
				PRODUCT_NAME = "$(TARGET_NAME)";
			};
			name = Debug;
		};
		727AFB571C18926E00BB63B1 /* Release */ = {
			isa = XCBuildConfiguration;
			buildSettings = {
				ASSETCATALOG_COMPILER_APPICON_NAME = AppIcon;
				INFOPLIST_FILE = Traveling/Info.plist;
				LD_RUNPATH_SEARCH_PATHS = "$(inherited) @executable_path/Frameworks";
				PRODUCT_BUNDLE_IDENTIFIER = com.pedepano.Traveling;
				PRODUCT_NAME = "$(TARGET_NAME)";
			};
			name = Release;
		};
/* End XCBuildConfiguration section */

/* Begin XCConfigurationList section */
		727AFB3B1C18926E00BB63B1 /* Build configuration list for PBXProject "Traveling" */ = {
			isa = XCConfigurationList;
			buildConfigurations = (
				727AFB531C18926E00BB63B1 /* Debug */,
				727AFB541C18926E00BB63B1 /* Release */,
			);
			defaultConfigurationIsVisible = 0;
			defaultConfigurationName = Release;
		};
		727AFB551C18926E00BB63B1 /* Build configuration list for PBXNativeTarget "Traveling" */ = {
			isa = XCConfigurationList;
			buildConfigurations = (
				727AFB561C18926E00BB63B1 /* Debug */,
				727AFB571C18926E00BB63B1 /* Release */,
			);
			defaultConfigurationIsVisible = 0;
		};
/* End XCConfigurationList section */

/* Begin XCVersionGroup section */
		727AFB4A1C18926E00BB63B1 /* Traveling.xcdatamodeld */ = {
			isa = XCVersionGroup;
			children = (
				727AFB4B1C18926E00BB63B1 /* Traveling.xcdatamodel */,
			);
			currentVersion = 727AFB4B1C18926E00BB63B1 /* Traveling.xcdatamodel */;
			path = Traveling.xcdatamodeld;
			sourceTree = "<group>";
			versionGroupType = wrapper.xcdatamodel;
		};
/* End XCVersionGroup section */
	};
	rootObject = 727AFB381C18926E00BB63B1 /* Project object */;
}
